
Microsoft Visual Studio Solution File, Format Version 12.00
# Visual Studio Version 16
VisualStudioVersion = 16.0.29326.143
MinimumVisualStudioVersion = 10.0.40219.1
Project("{FAE04EC0-301F-11D3-BF4B-00C04F79EFBC}") = "1_first_project", "1_first_project\1_first_project.csproj", "{73FDDBFA-6381-4B15-AA4B-D5860B3D7F76}"
EndProject
Global
	GlobalSection(SolutionConfigurationPlatforms) = preSolution
		Debug|Any CPU = Debug|Any CPU
		Release|Any CPU = Release|Any CPU
	EndGlobalSection
	GlobalSection(ProjectConfigurationPlatforms) = postSolution
		{73FDDBFA-6381-4B15-AA4B-D5860B3D7F76}.Debug|Any CPU.ActiveCfg = Debug|Any CPU
		{73FDDBFA-6381-4B15-AA4B-D5860B3D7F76}.Debug|Any CPU.Build.0 = Debug|Any CPU
		{73FDDBFA-6381-4B15-AA4B-D5860B3D7F76}.Release|Any CPU.ActiveCfg = Release|Any CPU
		{73FDDBFA-6381-4B15-AA4B-D5860B3D7F76}.Release|Any CPU.Build.0 = Release|Any CPU
	EndGlobalSection
	GlobalSection(SolutionProperties) = preSolution
		HideSolutionNode = FALSE
	EndGlobalSection
	GlobalSection(ExtensibilityGlobals) = postSolution
		SolutionGuid = {4836CF7C-9A3F-4BFC-93F3-871035B5F2CF}
	EndGlobalSection
EndGlobal
